
Microsoft Visual Studio Solution File, Format Version 12.00
# Visual Studio 2013
VisualStudioVersion = 12.0.31101.0
MinimumVisualStudioVersion = 10.0.40219.1
Project("{FAE04EC0-301F-11D3-BF4B-00C04F79EFBC}") = "SlimRay", "SlimRay\SlimRay.csproj", "{0BA9CEA4-C4C2-4D88-912D-29968165DF6B}"
EndProject
Project("{FAE04EC0-301F-11D3-BF4B-00C04F79EFBC}") = "FunctionTest.DB", "..\Tests\FunctionTest.DB\FunctionTest.DB\FunctionTest.DB.csproj", "{E0A9D73D-0013-418F-9FEF-D3F757DF8946}"
EndProject
Project("{FAE04EC0-301F-11D3-BF4B-00C04F79EFBC}") = "SlimRay.Designer", "..\SlimRay.Designer\SlimRay.Designer.csproj", "{1C007BA1-191C-4801-BCAF-158AC9B71A5C}"
EndProject
Global
	GlobalSection(SolutionConfigurationPlatforms) = preSolution
		Debug|Any CPU = Debug|Any CPU
		Debug|Mixed Platforms = Debug|Mixed Platforms
		Debug|x64 = Debug|x64
		Debug|x86 = Debug|x86
		Release|Any CPU = Release|Any CPU
		Release|Mixed Platforms = Release|Mixed Platforms
		Release|x64 = Release|x64
		Release|x86 = Release|x86
	EndGlobalSection
	GlobalSection(ProjectConfigurationPlatforms) = postSolution
		{0BA9CEA4-C4C2-4D88-912D-29968165DF6B}.Debug|Any CPU.ActiveCfg = Debug|Any CPU
		{0BA9CEA4-C4C2-4D88-912D-29968165DF6B}.Debug|Any CPU.Build.0 = Debug|Any CPU
		{0BA9CEA4-C4C2-4D88-912D-29968165DF6B}.Debug|Mixed Platforms.ActiveCfg = Debug|x86
		{0BA9CEA4-C4C2-4D88-912D-29968165DF6B}.Debug|Mixed Platforms.Build.0 = Debug|x86
		{0BA9CEA4-C4C2-4D88-912D-29968165DF6B}.Debug|x64.ActiveCfg = Debug|Any CPU
		{0BA9CEA4-C4C2-4D88-912D-29968165DF6B}.Debug|x64.Build.0 = Debug|Any CPU
		{0BA9CEA4-C4C2-4D88-912D-29968165DF6B}.Debug|x86.ActiveCfg = Debug|x86
		{0BA9CEA4-C4C2-4D88-912D-29968165DF6B}.Debug|x86.Build.0 = Debug|x86
		{0BA9CEA4-C4C2-4D88-912D-29968165DF6B}.Release|Any CPU.ActiveCfg = Release|Any CPU
		{0BA9CEA4-C4C2-4D88-912D-29968165DF6B}.Release|Any CPU.Build.0 = Release|Any CPU
		{0BA9CEA4-C4C2-4D88-912D-29968165DF6B}.Release|Mixed Platforms.ActiveCfg = Release|x86
		{0BA9CEA4-C4C2-4D88-912D-29968165DF6B}.Release|Mixed Platforms.Build.0 = Release|x86
		{0BA9CEA4-C4C2-4D88-912D-29968165DF6B}.Release|x64.ActiveCfg = Release|x64
		{0BA9CEA4-C4C2-4D88-912D-29968165DF6B}.Release|x64.Build.0 = Release|x64
		{0BA9CEA4-C4C2-4D88-912D-29968165DF6B}.Release|x86.ActiveCfg = Release|x86
		{0BA9CEA4-C4C2-4D88-912D-29968165DF6B}.Release|x86.Build.0 = Release|x86
		{E0A9D73D-0013-418F-9FEF-D3F757DF8946}.Debug|Any CPU.ActiveCfg = Debug|Any CPU
		{E0A9D73D-0013-418F-9FEF-D3F757DF8946}.Debug|Any CPU.Build.0 = Debug|Any CPU
		{E0A9D73D-0013-418F-9FEF-D3F757DF8946}.Debug|Mixed Platforms.ActiveCfg = Debug|x86
		{E0A9D73D-0013-418F-9FEF-D3F757DF8946}.Debug|Mixed Platforms.Build.0 = Debug|x86
		{E0A9D73D-0013-418F-9FEF-D3F757DF8946}.Debug|x64.ActiveCfg = Debug|Any CPU
		{E0A9D73D-0013-418F-9FEF-D3F757DF8946}.Debug|x86.ActiveCfg = Debug|Any CPU
		{E0A9D73D-0013-418F-9FEF-D3F757DF8946}.Release|Any CPU.ActiveCfg = Release|Any CPU
		{E0A9D73D-0013-418F-9FEF-D3F757DF8946}.Release|Any CPU.Build.0 = Release|Any CPU
		{E0A9D73D-0013-418F-9FEF-D3F757DF8946}.Release|Mixed Platforms.ActiveCfg = Release|Any CPU
		{E0A9D73D-0013-418F-9FEF-D3F757DF8946}.Release|Mixed Platforms.Build.0 = Release|Any CPU
		{E0A9D73D-0013-418F-9FEF-D3F757DF8946}.Release|x64.ActiveCfg = Release|Any CPU
		{E0A9D73D-0013-418F-9FEF-D3F757DF8946}.Release|x86.ActiveCfg = Release|Any CPU
		{1C007BA1-191C-4801-BCAF-158AC9B71A5C}.Debug|Any CPU.ActiveCfg = Debug|Any CPU
		{1C007BA1-191C-4801-BCAF-158AC9B71A5C}.Debug|Any CPU.Build.0 = Debug|Any CPU
		{1C007BA1-191C-4801-BCAF-158AC9B71A5C}.Debug|Mixed Platforms.ActiveCfg = Debug|x86
		{1C007BA1-191C-4801-BCAF-158AC9B71A5C}.Debug|Mixed Platforms.Build.0 = Debug|x86
		{1C007BA1-191C-4801-BCAF-158AC9B71A5C}.Debug|x64.ActiveCfg = Debug|Any CPU
		{1C007BA1-191C-4801-BCAF-158AC9B71A5C}.Debug|x86.ActiveCfg = Debug|Any CPU
		{1C007BA1-191C-4801-BCAF-158AC9B71A5C}.Release|Any CPU.ActiveCfg = Release|Any CPU
		{1C007BA1-191C-4801-BCAF-158AC9B71A5C}.Release|Any CPU.Build.0 = Release|Any CPU
		{1C007BA1-191C-4801-BCAF-158AC9B71A5C}.Release|Mixed Platforms.ActiveCfg = Release|Any CPU
		{1C007BA1-191C-4801-BCAF-158AC9B71A5C}.Release|Mixed Platforms.Build.0 = Release|Any CPU
		{1C007BA1-191C-4801-BCAF-158AC9B71A5C}.Release|x64.ActiveCfg = Release|Any CPU
		{1C007BA1-191C-4801-BCAF-158AC9B71A5C}.Release|x86.ActiveCfg = Release|Any CPU
	EndGlobalSection
	GlobalSection(SolutionProperties) = preSolution
		HideSolutionNode = FALSE
	EndGlobalSection
EndGlobal
