
Microsoft Visual Studio Solution File, Format Version 12.00
# Visual Studio 2013
VisualStudioVersion = 12.0.21005.1
MinimumVisualStudioVersion = 10.0.40219.1
Project("{FAE04EC0-301F-11D3-BF4B-00C04F79EFBC}") = "SR.Data", "SR.Data\SR.Data.csproj", "{ECFDA573-88F9-4D8B-BED3-45CAA3B00721}"
EndProject
Project("{FAE04EC0-301F-11D3-BF4B-00C04F79EFBC}") = "SR.Utils", "SR.Utils\SR.Utils.csproj", "{106254F2-67DA-46F4-882D-47353C4A7123}"
EndProject
Project("{FAE04EC0-301F-11D3-BF4B-00C04F79EFBC}") = "SR.Data.DB.External.MySQL", "SR.Data.DB.MySQLExtend\SR.Data.DB.External.MySQL.csproj", "{DD13EDE5-17C4-4208-B201-FA14B0615FF4}"
EndProject
Project("{FAE04EC0-301F-11D3-BF4B-00C04F79EFBC}") = "SR.Data.DB", "SR.Data.DB\SR.Data.DB.csproj", "{E848E991-C1C6-4399-900C-A5214D1C90D0}"
EndProject
Project("{FAE04EC0-301F-11D3-BF4B-00C04F79EFBC}") = "SR.UI.DataDesign", "SR.UI.DataDesign\SR.UI.DataDesign.csproj", "{D133EA70-E42C-4795-B37E-06221B77941D}"
EndProject
Project("{2150E333-8FDC-42A3-9474-1A3956D46DE8}") = "UI.DesignTime", "UI.DesignTime", "{FEF6036C-E758-47D4-B2B6-DB0024FE9064}"
EndProject
Project("{2150E333-8FDC-42A3-9474-1A3956D46DE8}") = "UI.RunTime", "UI.RunTime", "{7C13F11A-B8F0-4DD0-8D85-90DEC2E1AD9E}"
EndProject
Project("{FAE04EC0-301F-11D3-BF4B-00C04F79EFBC}") = "SR.UI.DataRun", "SR.UI.DataRun\SR.UI.DataRun.csproj", "{AB9F982E-C0D0-404C-AAA4-286DF5C6C0EE}"
EndProject
Project("{2150E333-8FDC-42A3-9474-1A3956D46DE8}") = "Data.DB.External", "Data.DB.External", "{64AFC766-A155-4F78-A903-CDF67F72B942}"
EndProject
Project("{FAE04EC0-301F-11D3-BF4B-00C04F79EFBC}") = "SR.Data.DB.External.Excel", "SR.Data.DB.Excel\SR.Data.DB.External.Excel.csproj", "{33C5DF9A-B9BD-49C3-B56F-1BB5FB3D50FE}"
EndProject
Project("{FAE04EC0-301F-11D3-BF4B-00C04F79EFBC}") = "SR.Data.DB.External.TextFile", "SR.Data.DB.TextFile\SR.Data.DB.External.TextFile.csproj", "{087FC56E-74DE-45C6-8643-35BAF995794F}"
EndProject
Project("{FAE04EC0-301F-11D3-BF4B-00C04F79EFBC}") = "SR.Data.DB.External.MSSQL", "SR.Data.DB.MSSQL\SR.Data.DB.External.MSSQL.csproj", "{CF04D531-841C-4D5B-AF15-848397649E57}"
EndProject
Project("{2150E333-8FDC-42A3-9474-1A3956D46DE8}") = "Data.DB", "Data.DB", "{1672BE5C-A5FD-4020-BCA5-4C3EB9315D1C}"
EndProject
Project("{2150E333-8FDC-42A3-9474-1A3956D46DE8}") = "Data", "Data", "{DCDDAB7F-23BD-4566-A17C-98F33F3B7AA3}"
EndProject
Project("{2150E333-8FDC-42A3-9474-1A3956D46DE8}") = "UnitTest", "UnitTest", "{77304D88-E779-4423-9F09-E7C41A0676F7}"
EndProject
Project("{2150E333-8FDC-42A3-9474-1A3956D46DE8}") = "UnitTest", "UnitTest", "{0D364957-FDE2-4E48-8F33-CC9CF179A521}"
EndProject
Project("{2150E333-8FDC-42A3-9474-1A3956D46DE8}") = "UnitTest", "UnitTest", "{B30FACCD-4262-4FE9-BDC9-31DBB70818C3}"
EndProject
Project("{2150E333-8FDC-42A3-9474-1A3956D46DE8}") = "UnitTest", "UnitTest", "{95EAFC7B-3789-4135-83B7-DD1D753C8EB0}"
EndProject
Project("{2150E333-8FDC-42A3-9474-1A3956D46DE8}") = "UnitTest", "UnitTest", "{8526B22E-F402-4E06-80D6-8F6FB356A066}"
EndProject
Project("{2150E333-8FDC-42A3-9474-1A3956D46DE8}") = "Network", "Network", "{C3C28B63-0617-4FD7-A5F8-2E8FEB233CB0}"
EndProject
Project("{2150E333-8FDC-42A3-9474-1A3956D46DE8}") = "Security", "Security", "{1AA2DB74-AD36-4DAA-8538-98D852C7C90A}"
EndProject
Project("{2150E333-8FDC-42A3-9474-1A3956D46DE8}") = "Coding", "Coding", "{6DA5DD21-E43F-4041-B920-399B65D7E40F}"
EndProject
Project("{FAE04EC0-301F-11D3-BF4B-00C04F79EFBC}") = "SR.Coding", "SR.Coding\SR.Coding.csproj", "{F6D8B234-CB1C-4FDD-A95D-EDB290DD71AA}"
EndProject
Project("{FAE04EC0-301F-11D3-BF4B-00C04F79EFBC}") = "SR.Network", "SR.Network\SR.Network.csproj", "{628D98A6-C4E5-4305-8713-C7668ECF2142}"
EndProject
Project("{FAE04EC0-301F-11D3-BF4B-00C04F79EFBC}") = "SR.Network.UDP", "SR.Network.UDP\SR.Network.UDP.csproj", "{8C067AB3-93A2-44BA-A301-6D442FEBA9AC}"
EndProject
Project("{FAE04EC0-301F-11D3-BF4B-00C04F79EFBC}") = "SR.Network.TCP", "SR.Network.TCP\SR.Network.TCP.csproj", "{36C91219-CA10-44BB-88FE-0318D8A5842D}"
EndProject
Project("{FAE04EC0-301F-11D3-BF4B-00C04F79EFBC}") = "SR.Network.WCF", "SR.Network.WCF\SR.Network.WCF.csproj", "{BA2C7B3A-0BF4-4C2C-97D9-24CF0CCCEC02}"
EndProject
Project("{2150E333-8FDC-42A3-9474-1A3956D46DE8}") = "Devices", "Devices", "{C6C86605-08FD-4FA2-AF37-2D985A8636AB}"
EndProject
Project("{FAE04EC0-301F-11D3-BF4B-00C04F79EFBC}") = "SR.Devices", "SR.Devices\SR.Devices.csproj", "{D73865A2-2741-43B3-A158-DE75E85AC340}"
EndProject
Project("{FAE04EC0-301F-11D3-BF4B-00C04F79EFBC}") = "SR.Security", "SR.Security\SR.Security.csproj", "{DBC640DD-A084-48DD-A509-D7B79AC0D898}"
EndProject
Project("{2150E333-8FDC-42A3-9474-1A3956D46DE8}") = "Utils", "Utils", "{A2119EEB-17B4-4BBF-9892-B53D81D28E41}"
EndProject
Project("{FAE04EC0-301F-11D3-BF4B-00C04F79EFBC}") = "SR.UI.Designtime.Components", "SR.UI.Designtime.Components\SR.UI.Designtime.Components.csproj", "{E1A13B66-3768-44B3-ADCC-BE6D4308C4E2}"
EndProject
Project("{FAE04EC0-301F-11D3-BF4B-00C04F79EFBC}") = "SR.UI.Runtime.Components", "SR.UI.Runtime.Components\SR.UI.Runtime.Components.csproj", "{BE5E77DB-416C-45AE-8A34-46DF2D5B49ED}"
EndProject
Project("{FAE04EC0-301F-11D3-BF4B-00C04F79EFBC}") = "SR.Data.Common", "SR.Data.Common\SR.Data.Common.csproj", "{BADCD033-A52B-4C8C-A2A7-86B2C86564DC}"
EndProject
Project("{FAE04EC0-301F-11D3-BF4B-00C04F79EFBC}") = "SR.Data.DB.Common", "SR.Data.DB.Common\SR.Data.DB.Common.csproj", "{FA3B7231-EC20-416E-BF8A-424579711140}"
EndProject
Project("{FAE04EC0-301F-11D3-BF4B-00C04F79EFBC}") = "utExMSSQL", "utExMSSQL\utExMSSQL.csproj", "{6FBA1CC2-FAAF-4D0F-9006-640447B5CDA3}"
EndProject
Global
	GlobalSection(SolutionConfigurationPlatforms) = preSolution
		Debug|Any CPU = Debug|Any CPU
		Debug|Mixed Platforms = Debug|Mixed Platforms
		Debug|x86 = Debug|x86
		Release|Any CPU = Release|Any CPU
		Release|Mixed Platforms = Release|Mixed Platforms
		Release|x86 = Release|x86
	EndGlobalSection
	GlobalSection(ProjectConfigurationPlatforms) = postSolution
		{ECFDA573-88F9-4D8B-BED3-45CAA3B00721}.Debug|Any CPU.ActiveCfg = Debug|Any CPU
		{ECFDA573-88F9-4D8B-BED3-45CAA3B00721}.Debug|Any CPU.Build.0 = Debug|Any CPU
		{ECFDA573-88F9-4D8B-BED3-45CAA3B00721}.Debug|Mixed Platforms.ActiveCfg = Debug|Any CPU
		{ECFDA573-88F9-4D8B-BED3-45CAA3B00721}.Debug|Mixed Platforms.Build.0 = Debug|Any CPU
		{ECFDA573-88F9-4D8B-BED3-45CAA3B00721}.Debug|x86.ActiveCfg = Debug|Any CPU
		{ECFDA573-88F9-4D8B-BED3-45CAA3B00721}.Release|Any CPU.ActiveCfg = Release|Any CPU
		{ECFDA573-88F9-4D8B-BED3-45CAA3B00721}.Release|Any CPU.Build.0 = Release|Any CPU
		{ECFDA573-88F9-4D8B-BED3-45CAA3B00721}.Release|Mixed Platforms.ActiveCfg = Release|Any CPU
		{ECFDA573-88F9-4D8B-BED3-45CAA3B00721}.Release|Mixed Platforms.Build.0 = Release|Any CPU
		{ECFDA573-88F9-4D8B-BED3-45CAA3B00721}.Release|x86.ActiveCfg = Release|Any CPU
		{106254F2-67DA-46F4-882D-47353C4A7123}.Debug|Any CPU.ActiveCfg = Debug|Any CPU
		{106254F2-67DA-46F4-882D-47353C4A7123}.Debug|Any CPU.Build.0 = Debug|Any CPU
		{106254F2-67DA-46F4-882D-47353C4A7123}.Debug|Mixed Platforms.ActiveCfg = Debug|Any CPU
		{106254F2-67DA-46F4-882D-47353C4A7123}.Debug|Mixed Platforms.Build.0 = Debug|Any CPU
		{106254F2-67DA-46F4-882D-47353C4A7123}.Debug|x86.ActiveCfg = Debug|Any CPU
		{106254F2-67DA-46F4-882D-47353C4A7123}.Release|Any CPU.ActiveCfg = Release|Any CPU
		{106254F2-67DA-46F4-882D-47353C4A7123}.Release|Any CPU.Build.0 = Release|Any CPU
		{106254F2-67DA-46F4-882D-47353C4A7123}.Release|Mixed Platforms.ActiveCfg = Release|Any CPU
		{106254F2-67DA-46F4-882D-47353C4A7123}.Release|Mixed Platforms.Build.0 = Release|Any CPU
		{106254F2-67DA-46F4-882D-47353C4A7123}.Release|x86.ActiveCfg = Release|Any CPU
		{DD13EDE5-17C4-4208-B201-FA14B0615FF4}.Debug|Any CPU.ActiveCfg = Debug|Any CPU
		{DD13EDE5-17C4-4208-B201-FA14B0615FF4}.Debug|Any CPU.Build.0 = Debug|Any CPU
		{DD13EDE5-17C4-4208-B201-FA14B0615FF4}.Debug|Mixed Platforms.ActiveCfg = Debug|Any CPU
		{DD13EDE5-17C4-4208-B201-FA14B0615FF4}.Debug|x86.ActiveCfg = Debug|Any CPU
		{DD13EDE5-17C4-4208-B201-FA14B0615FF4}.Release|Any CPU.ActiveCfg = Release|Any CPU
		{DD13EDE5-17C4-4208-B201-FA14B0615FF4}.Release|Any CPU.Build.0 = Release|Any CPU
		{DD13EDE5-17C4-4208-B201-FA14B0615FF4}.Release|Mixed Platforms.ActiveCfg = Release|Any CPU
		{DD13EDE5-17C4-4208-B201-FA14B0615FF4}.Release|Mixed Platforms.Build.0 = Release|Any CPU
		{DD13EDE5-17C4-4208-B201-FA14B0615FF4}.Release|x86.ActiveCfg = Release|Any CPU
		{E848E991-C1C6-4399-900C-A5214D1C90D0}.Debug|Any CPU.ActiveCfg = Debug|Any CPU
		{E848E991-C1C6-4399-900C-A5214D1C90D0}.Debug|Any CPU.Build.0 = Debug|Any CPU
		{E848E991-C1C6-4399-900C-A5214D1C90D0}.Debug|Mixed Platforms.ActiveCfg = Debug|Any CPU
		{E848E991-C1C6-4399-900C-A5214D1C90D0}.Debug|Mixed Platforms.Build.0 = Debug|Any CPU
		{E848E991-C1C6-4399-900C-A5214D1C90D0}.Debug|x86.ActiveCfg = Debug|Any CPU
		{E848E991-C1C6-4399-900C-A5214D1C90D0}.Release|Any CPU.ActiveCfg = Release|Any CPU
		{E848E991-C1C6-4399-900C-A5214D1C90D0}.Release|Any CPU.Build.0 = Release|Any CPU
		{E848E991-C1C6-4399-900C-A5214D1C90D0}.Release|Mixed Platforms.ActiveCfg = Release|Any CPU
		{E848E991-C1C6-4399-900C-A5214D1C90D0}.Release|Mixed Platforms.Build.0 = Release|Any CPU
		{E848E991-C1C6-4399-900C-A5214D1C90D0}.Release|x86.ActiveCfg = Release|Any CPU
		{D133EA70-E42C-4795-B37E-06221B77941D}.Debug|Any CPU.ActiveCfg = Debug|Any CPU
		{D133EA70-E42C-4795-B37E-06221B77941D}.Debug|Any CPU.Build.0 = Debug|Any CPU
		{D133EA70-E42C-4795-B37E-06221B77941D}.Debug|Mixed Platforms.ActiveCfg = Debug|Any CPU
		{D133EA70-E42C-4795-B37E-06221B77941D}.Debug|Mixed Platforms.Build.0 = Debug|Any CPU
		{D133EA70-E42C-4795-B37E-06221B77941D}.Debug|x86.ActiveCfg = Debug|Any CPU
		{D133EA70-E42C-4795-B37E-06221B77941D}.Release|Any CPU.ActiveCfg = Release|Any CPU
		{D133EA70-E42C-4795-B37E-06221B77941D}.Release|Any CPU.Build.0 = Release|Any CPU
		{D133EA70-E42C-4795-B37E-06221B77941D}.Release|Mixed Platforms.ActiveCfg = Release|Any CPU
		{D133EA70-E42C-4795-B37E-06221B77941D}.Release|Mixed Platforms.Build.0 = Release|Any CPU
		{D133EA70-E42C-4795-B37E-06221B77941D}.Release|x86.ActiveCfg = Release|Any CPU
		{AB9F982E-C0D0-404C-AAA4-286DF5C6C0EE}.Debug|Any CPU.ActiveCfg = Debug|Any CPU
		{AB9F982E-C0D0-404C-AAA4-286DF5C6C0EE}.Debug|Any CPU.Build.0 = Debug|Any CPU
		{AB9F982E-C0D0-404C-AAA4-286DF5C6C0EE}.Debug|Mixed Platforms.ActiveCfg = Debug|Any CPU
		{AB9F982E-C0D0-404C-AAA4-286DF5C6C0EE}.Debug|Mixed Platforms.Build.0 = Debug|Any CPU
		{AB9F982E-C0D0-404C-AAA4-286DF5C6C0EE}.Debug|x86.ActiveCfg = Debug|Any CPU
		{AB9F982E-C0D0-404C-AAA4-286DF5C6C0EE}.Release|Any CPU.ActiveCfg = Release|Any CPU
		{AB9F982E-C0D0-404C-AAA4-286DF5C6C0EE}.Release|Any CPU.Build.0 = Release|Any CPU
		{AB9F982E-C0D0-404C-AAA4-286DF5C6C0EE}.Release|Mixed Platforms.ActiveCfg = Release|Any CPU
		{AB9F982E-C0D0-404C-AAA4-286DF5C6C0EE}.Release|Mixed Platforms.Build.0 = Release|Any CPU
		{AB9F982E-C0D0-404C-AAA4-286DF5C6C0EE}.Release|x86.ActiveCfg = Release|Any CPU
		{33C5DF9A-B9BD-49C3-B56F-1BB5FB3D50FE}.Debug|Any CPU.ActiveCfg = Debug|Any CPU
		{33C5DF9A-B9BD-49C3-B56F-1BB5FB3D50FE}.Debug|Any CPU.Build.0 = Debug|Any CPU
		{33C5DF9A-B9BD-49C3-B56F-1BB5FB3D50FE}.Debug|Mixed Platforms.ActiveCfg = Debug|Any CPU
		{33C5DF9A-B9BD-49C3-B56F-1BB5FB3D50FE}.Debug|Mixed Platforms.Build.0 = Debug|Any CPU
		{33C5DF9A-B9BD-49C3-B56F-1BB5FB3D50FE}.Debug|x86.ActiveCfg = Debug|Any CPU
		{33C5DF9A-B9BD-49C3-B56F-1BB5FB3D50FE}.Release|Any CPU.ActiveCfg = Release|Any CPU
		{33C5DF9A-B9BD-49C3-B56F-1BB5FB3D50FE}.Release|Any CPU.Build.0 = Release|Any CPU
		{33C5DF9A-B9BD-49C3-B56F-1BB5FB3D50FE}.Release|Mixed Platforms.ActiveCfg = Release|Any CPU
		{33C5DF9A-B9BD-49C3-B56F-1BB5FB3D50FE}.Release|Mixed Platforms.Build.0 = Release|Any CPU
		{33C5DF9A-B9BD-49C3-B56F-1BB5FB3D50FE}.Release|x86.ActiveCfg = Release|Any CPU
		{087FC56E-74DE-45C6-8643-35BAF995794F}.Debug|Any CPU.ActiveCfg = Debug|Any CPU
		{087FC56E-74DE-45C6-8643-35BAF995794F}.Debug|Any CPU.Build.0 = Debug|Any CPU
		{087FC56E-74DE-45C6-8643-35BAF995794F}.Debug|Mixed Platforms.ActiveCfg = Debug|Any CPU
		{087FC56E-74DE-45C6-8643-35BAF995794F}.Debug|Mixed Platforms.Build.0 = Debug|Any CPU
		{087FC56E-74DE-45C6-8643-35BAF995794F}.Debug|x86.ActiveCfg = Debug|Any CPU
		{087FC56E-74DE-45C6-8643-35BAF995794F}.Release|Any CPU.ActiveCfg = Release|Any CPU
		{087FC56E-74DE-45C6-8643-35BAF995794F}.Release|Any CPU.Build.0 = Release|Any CPU
		{087FC56E-74DE-45C6-8643-35BAF995794F}.Release|Mixed Platforms.ActiveCfg = Release|Any CPU
		{087FC56E-74DE-45C6-8643-35BAF995794F}.Release|Mixed Platforms.Build.0 = Release|Any CPU
		{087FC56E-74DE-45C6-8643-35BAF995794F}.Release|x86.ActiveCfg = Release|Any CPU
		{CF04D531-841C-4D5B-AF15-848397649E57}.Debug|Any CPU.ActiveCfg = Debug|Any CPU
		{CF04D531-841C-4D5B-AF15-848397649E57}.Debug|Any CPU.Build.0 = Debug|Any CPU
		{CF04D531-841C-4D5B-AF15-848397649E57}.Debug|Mixed Platforms.ActiveCfg = Debug|Any CPU
		{CF04D531-841C-4D5B-AF15-848397649E57}.Debug|Mixed Platforms.Build.0 = Debug|Any CPU
		{CF04D531-841C-4D5B-AF15-848397649E57}.Debug|x86.ActiveCfg = Debug|Any CPU
		{CF04D531-841C-4D5B-AF15-848397649E57}.Release|Any CPU.ActiveCfg = Release|Any CPU
		{CF04D531-841C-4D5B-AF15-848397649E57}.Release|Any CPU.Build.0 = Release|Any CPU
		{CF04D531-841C-4D5B-AF15-848397649E57}.Release|Mixed Platforms.ActiveCfg = Release|Any CPU
		{CF04D531-841C-4D5B-AF15-848397649E57}.Release|Mixed Platforms.Build.0 = Release|Any CPU
		{CF04D531-841C-4D5B-AF15-848397649E57}.Release|x86.ActiveCfg = Release|Any CPU
		{F6D8B234-CB1C-4FDD-A95D-EDB290DD71AA}.Debug|Any CPU.ActiveCfg = Debug|Any CPU
		{F6D8B234-CB1C-4FDD-A95D-EDB290DD71AA}.Debug|Any CPU.Build.0 = Debug|Any CPU
		{F6D8B234-CB1C-4FDD-A95D-EDB290DD71AA}.Debug|Mixed Platforms.ActiveCfg = Debug|Any CPU
		{F6D8B234-CB1C-4FDD-A95D-EDB290DD71AA}.Debug|Mixed Platforms.Build.0 = Debug|Any CPU
		{F6D8B234-CB1C-4FDD-A95D-EDB290DD71AA}.Debug|x86.ActiveCfg = Debug|Any CPU
		{F6D8B234-CB1C-4FDD-A95D-EDB290DD71AA}.Release|Any CPU.ActiveCfg = Release|Any CPU
		{F6D8B234-CB1C-4FDD-A95D-EDB290DD71AA}.Release|Any CPU.Build.0 = Release|Any CPU
		{F6D8B234-CB1C-4FDD-A95D-EDB290DD71AA}.Release|Mixed Platforms.ActiveCfg = Release|Any CPU
		{F6D8B234-CB1C-4FDD-A95D-EDB290DD71AA}.Release|Mixed Platforms.Build.0 = Release|Any CPU
		{F6D8B234-CB1C-4FDD-A95D-EDB290DD71AA}.Release|x86.ActiveCfg = Release|Any CPU
		{628D98A6-C4E5-4305-8713-C7668ECF2142}.Debug|Any CPU.ActiveCfg = Debug|Any CPU
		{628D98A6-C4E5-4305-8713-C7668ECF2142}.Debug|Any CPU.Build.0 = Debug|Any CPU
		{628D98A6-C4E5-4305-8713-C7668ECF2142}.Debug|Mixed Platforms.ActiveCfg = Debug|Any CPU
		{628D98A6-C4E5-4305-8713-C7668ECF2142}.Debug|Mixed Platforms.Build.0 = Debug|Any CPU
		{628D98A6-C4E5-4305-8713-C7668ECF2142}.Debug|x86.ActiveCfg = Debug|Any CPU
		{628D98A6-C4E5-4305-8713-C7668ECF2142}.Release|Any CPU.ActiveCfg = Release|Any CPU
		{628D98A6-C4E5-4305-8713-C7668ECF2142}.Release|Any CPU.Build.0 = Release|Any CPU
		{628D98A6-C4E5-4305-8713-C7668ECF2142}.Release|Mixed Platforms.ActiveCfg = Release|Any CPU
		{628D98A6-C4E5-4305-8713-C7668ECF2142}.Release|Mixed Platforms.Build.0 = Release|Any CPU
		{628D98A6-C4E5-4305-8713-C7668ECF2142}.Release|x86.ActiveCfg = Release|Any CPU
		{8C067AB3-93A2-44BA-A301-6D442FEBA9AC}.Debug|Any CPU.ActiveCfg = Debug|Any CPU
		{8C067AB3-93A2-44BA-A301-6D442FEBA9AC}.Debug|Any CPU.Build.0 = Debug|Any CPU
		{8C067AB3-93A2-44BA-A301-6D442FEBA9AC}.Debug|Mixed Platforms.ActiveCfg = Debug|Any CPU
		{8C067AB3-93A2-44BA-A301-6D442FEBA9AC}.Debug|Mixed Platforms.Build.0 = Debug|Any CPU
		{8C067AB3-93A2-44BA-A301-6D442FEBA9AC}.Debug|x86.ActiveCfg = Debug|Any CPU
		{8C067AB3-93A2-44BA-A301-6D442FEBA9AC}.Release|Any CPU.ActiveCfg = Release|Any CPU
		{8C067AB3-93A2-44BA-A301-6D442FEBA9AC}.Release|Any CPU.Build.0 = Release|Any CPU
		{8C067AB3-93A2-44BA-A301-6D442FEBA9AC}.Release|Mixed Platforms.ActiveCfg = Release|Any CPU
		{8C067AB3-93A2-44BA-A301-6D442FEBA9AC}.Release|Mixed Platforms.Build.0 = Release|Any CPU
		{8C067AB3-93A2-44BA-A301-6D442FEBA9AC}.Release|x86.ActiveCfg = Release|Any CPU
		{36C91219-CA10-44BB-88FE-0318D8A5842D}.Debug|Any CPU.ActiveCfg = Debug|Any CPU
		{36C91219-CA10-44BB-88FE-0318D8A5842D}.Debug|Any CPU.Build.0 = Debug|Any CPU
		{36C91219-CA10-44BB-88FE-0318D8A5842D}.Debug|Mixed Platforms.ActiveCfg = Debug|Any CPU
		{36C91219-CA10-44BB-88FE-0318D8A5842D}.Debug|Mixed Platforms.Build.0 = Debug|Any CPU
		{36C91219-CA10-44BB-88FE-0318D8A5842D}.Debug|x86.ActiveCfg = Debug|Any CPU
		{36C91219-CA10-44BB-88FE-0318D8A5842D}.Release|Any CPU.ActiveCfg = Release|Any CPU
		{36C91219-CA10-44BB-88FE-0318D8A5842D}.Release|Any CPU.Build.0 = Release|Any CPU
		{36C91219-CA10-44BB-88FE-0318D8A5842D}.Release|Mixed Platforms.ActiveCfg = Release|Any CPU
		{36C91219-CA10-44BB-88FE-0318D8A5842D}.Release|Mixed Platforms.Build.0 = Release|Any CPU
		{36C91219-CA10-44BB-88FE-0318D8A5842D}.Release|x86.ActiveCfg = Release|Any CPU
		{BA2C7B3A-0BF4-4C2C-97D9-24CF0CCCEC02}.Debug|Any CPU.ActiveCfg = Debug|Any CPU
		{BA2C7B3A-0BF4-4C2C-97D9-24CF0CCCEC02}.Debug|Any CPU.Build.0 = Debug|Any CPU
		{BA2C7B3A-0BF4-4C2C-97D9-24CF0CCCEC02}.Debug|Mixed Platforms.ActiveCfg = Debug|Any CPU
		{BA2C7B3A-0BF4-4C2C-97D9-24CF0CCCEC02}.Debug|Mixed Platforms.Build.0 = Debug|Any CPU
		{BA2C7B3A-0BF4-4C2C-97D9-24CF0CCCEC02}.Debug|x86.ActiveCfg = Debug|Any CPU
		{BA2C7B3A-0BF4-4C2C-97D9-24CF0CCCEC02}.Release|Any CPU.ActiveCfg = Release|Any CPU
		{BA2C7B3A-0BF4-4C2C-97D9-24CF0CCCEC02}.Release|Any CPU.Build.0 = Release|Any CPU
		{BA2C7B3A-0BF4-4C2C-97D9-24CF0CCCEC02}.Release|Mixed Platforms.ActiveCfg = Release|Any CPU
		{BA2C7B3A-0BF4-4C2C-97D9-24CF0CCCEC02}.Release|Mixed Platforms.Build.0 = Release|Any CPU
		{BA2C7B3A-0BF4-4C2C-97D9-24CF0CCCEC02}.Release|x86.ActiveCfg = Release|Any CPU
		{D73865A2-2741-43B3-A158-DE75E85AC340}.Debug|Any CPU.ActiveCfg = Debug|Any CPU
		{D73865A2-2741-43B3-A158-DE75E85AC340}.Debug|Any CPU.Build.0 = Debug|Any CPU
		{D73865A2-2741-43B3-A158-DE75E85AC340}.Debug|Mixed Platforms.ActiveCfg = Debug|Any CPU
		{D73865A2-2741-43B3-A158-DE75E85AC340}.Debug|Mixed Platforms.Build.0 = Debug|Any CPU
		{D73865A2-2741-43B3-A158-DE75E85AC340}.Debug|x86.ActiveCfg = Debug|Any CPU
		{D73865A2-2741-43B3-A158-DE75E85AC340}.Release|Any CPU.ActiveCfg = Release|Any CPU
		{D73865A2-2741-43B3-A158-DE75E85AC340}.Release|Any CPU.Build.0 = Release|Any CPU
		{D73865A2-2741-43B3-A158-DE75E85AC340}.Release|Mixed Platforms.ActiveCfg = Release|Any CPU
		{D73865A2-2741-43B3-A158-DE75E85AC340}.Release|Mixed Platforms.Build.0 = Release|Any CPU
		{D73865A2-2741-43B3-A158-DE75E85AC340}.Release|x86.ActiveCfg = Release|Any CPU
		{DBC640DD-A084-48DD-A509-D7B79AC0D898}.Debug|Any CPU.ActiveCfg = Debug|Any CPU
		{DBC640DD-A084-48DD-A509-D7B79AC0D898}.Debug|Any CPU.Build.0 = Debug|Any CPU
		{DBC640DD-A084-48DD-A509-D7B79AC0D898}.Debug|Mixed Platforms.ActiveCfg = Debug|Any CPU
		{DBC640DD-A084-48DD-A509-D7B79AC0D898}.Debug|Mixed Platforms.Build.0 = Debug|Any CPU
		{DBC640DD-A084-48DD-A509-D7B79AC0D898}.Debug|x86.ActiveCfg = Debug|Any CPU
		{DBC640DD-A084-48DD-A509-D7B79AC0D898}.Release|Any CPU.ActiveCfg = Release|Any CPU
		{DBC640DD-A084-48DD-A509-D7B79AC0D898}.Release|Any CPU.Build.0 = Release|Any CPU
		{DBC640DD-A084-48DD-A509-D7B79AC0D898}.Release|Mixed Platforms.ActiveCfg = Release|Any CPU
		{DBC640DD-A084-48DD-A509-D7B79AC0D898}.Release|Mixed Platforms.Build.0 = Release|Any CPU
		{DBC640DD-A084-48DD-A509-D7B79AC0D898}.Release|x86.ActiveCfg = Release|Any CPU
		{E1A13B66-3768-44B3-ADCC-BE6D4308C4E2}.Debug|Any CPU.ActiveCfg = Debug|Any CPU
		{E1A13B66-3768-44B3-ADCC-BE6D4308C4E2}.Debug|Any CPU.Build.0 = Debug|Any CPU
		{E1A13B66-3768-44B3-ADCC-BE6D4308C4E2}.Debug|Mixed Platforms.ActiveCfg = Debug|Any CPU
		{E1A13B66-3768-44B3-ADCC-BE6D4308C4E2}.Debug|Mixed Platforms.Build.0 = Debug|Any CPU
		{E1A13B66-3768-44B3-ADCC-BE6D4308C4E2}.Debug|x86.ActiveCfg = Debug|Any CPU
		{E1A13B66-3768-44B3-ADCC-BE6D4308C4E2}.Release|Any CPU.ActiveCfg = Release|Any CPU
		{E1A13B66-3768-44B3-ADCC-BE6D4308C4E2}.Release|Any CPU.Build.0 = Release|Any CPU
		{E1A13B66-3768-44B3-ADCC-BE6D4308C4E2}.Release|Mixed Platforms.ActiveCfg = Release|Any CPU
		{E1A13B66-3768-44B3-ADCC-BE6D4308C4E2}.Release|Mixed Platforms.Build.0 = Release|Any CPU
		{E1A13B66-3768-44B3-ADCC-BE6D4308C4E2}.Release|x86.ActiveCfg = Release|Any CPU
		{BE5E77DB-416C-45AE-8A34-46DF2D5B49ED}.Debug|Any CPU.ActiveCfg = Debug|Any CPU
		{BE5E77DB-416C-45AE-8A34-46DF2D5B49ED}.Debug|Any CPU.Build.0 = Debug|Any CPU
		{BE5E77DB-416C-45AE-8A34-46DF2D5B49ED}.Debug|Mixed Platforms.ActiveCfg = Debug|Any CPU
		{BE5E77DB-416C-45AE-8A34-46DF2D5B49ED}.Debug|Mixed Platforms.Build.0 = Debug|Any CPU
		{BE5E77DB-416C-45AE-8A34-46DF2D5B49ED}.Debug|x86.ActiveCfg = Debug|Any CPU
		{BE5E77DB-416C-45AE-8A34-46DF2D5B49ED}.Release|Any CPU.ActiveCfg = Release|Any CPU
		{BE5E77DB-416C-45AE-8A34-46DF2D5B49ED}.Release|Any CPU.Build.0 = Release|Any CPU
		{BE5E77DB-416C-45AE-8A34-46DF2D5B49ED}.Release|Mixed Platforms.ActiveCfg = Release|Any CPU
		{BE5E77DB-416C-45AE-8A34-46DF2D5B49ED}.Release|Mixed Platforms.Build.0 = Release|Any CPU
		{BE5E77DB-416C-45AE-8A34-46DF2D5B49ED}.Release|x86.ActiveCfg = Release|Any CPU
		{BADCD033-A52B-4C8C-A2A7-86B2C86564DC}.Debug|Any CPU.ActiveCfg = Debug|Any CPU
		{BADCD033-A52B-4C8C-A2A7-86B2C86564DC}.Debug|Any CPU.Build.0 = Debug|Any CPU
		{BADCD033-A52B-4C8C-A2A7-86B2C86564DC}.Debug|Mixed Platforms.ActiveCfg = Debug|Any CPU
		{BADCD033-A52B-4C8C-A2A7-86B2C86564DC}.Debug|Mixed Platforms.Build.0 = Debug|Any CPU
		{BADCD033-A52B-4C8C-A2A7-86B2C86564DC}.Debug|x86.ActiveCfg = Debug|Any CPU
		{BADCD033-A52B-4C8C-A2A7-86B2C86564DC}.Release|Any CPU.ActiveCfg = Release|Any CPU
		{BADCD033-A52B-4C8C-A2A7-86B2C86564DC}.Release|Any CPU.Build.0 = Release|Any CPU
		{BADCD033-A52B-4C8C-A2A7-86B2C86564DC}.Release|Mixed Platforms.ActiveCfg = Release|Any CPU
		{BADCD033-A52B-4C8C-A2A7-86B2C86564DC}.Release|Mixed Platforms.Build.0 = Release|Any CPU
		{BADCD033-A52B-4C8C-A2A7-86B2C86564DC}.Release|x86.ActiveCfg = Release|Any CPU
		{FA3B7231-EC20-416E-BF8A-424579711140}.Debug|Any CPU.ActiveCfg = Debug|Any CPU
		{FA3B7231-EC20-416E-BF8A-424579711140}.Debug|Any CPU.Build.0 = Debug|Any CPU
		{FA3B7231-EC20-416E-BF8A-424579711140}.Debug|Mixed Platforms.ActiveCfg = Debug|Any CPU
		{FA3B7231-EC20-416E-BF8A-424579711140}.Debug|Mixed Platforms.Build.0 = Debug|Any CPU
		{FA3B7231-EC20-416E-BF8A-424579711140}.Debug|x86.ActiveCfg = Debug|Any CPU
		{FA3B7231-EC20-416E-BF8A-424579711140}.Release|Any CPU.ActiveCfg = Release|Any CPU
		{FA3B7231-EC20-416E-BF8A-424579711140}.Release|Any CPU.Build.0 = Release|Any CPU
		{FA3B7231-EC20-416E-BF8A-424579711140}.Release|Mixed Platforms.ActiveCfg = Release|Any CPU
		{FA3B7231-EC20-416E-BF8A-424579711140}.Release|Mixed Platforms.Build.0 = Release|Any CPU
		{FA3B7231-EC20-416E-BF8A-424579711140}.Release|x86.ActiveCfg = Release|Any CPU
		{6FBA1CC2-FAAF-4D0F-9006-640447B5CDA3}.Debug|Any CPU.ActiveCfg = Debug|Any CPU
		{6FBA1CC2-FAAF-4D0F-9006-640447B5CDA3}.Debug|Any CPU.Build.0 = Debug|Any CPU
		{6FBA1CC2-FAAF-4D0F-9006-640447B5CDA3}.Debug|Mixed Platforms.ActiveCfg = Debug|Any CPU
		{6FBA1CC2-FAAF-4D0F-9006-640447B5CDA3}.Debug|Mixed Platforms.Build.0 = Debug|Any CPU
		{6FBA1CC2-FAAF-4D0F-9006-640447B5CDA3}.Debug|x86.ActiveCfg = Debug|Any CPU
		{6FBA1CC2-FAAF-4D0F-9006-640447B5CDA3}.Release|Any CPU.ActiveCfg = Release|Any CPU
		{6FBA1CC2-FAAF-4D0F-9006-640447B5CDA3}.Release|Any CPU.Build.0 = Release|Any CPU
		{6FBA1CC2-FAAF-4D0F-9006-640447B5CDA3}.Release|Mixed Platforms.ActiveCfg = Release|Any CPU
		{6FBA1CC2-FAAF-4D0F-9006-640447B5CDA3}.Release|Mixed Platforms.Build.0 = Release|Any CPU
		{6FBA1CC2-FAAF-4D0F-9006-640447B5CDA3}.Release|x86.ActiveCfg = Release|Any CPU
	EndGlobalSection
	GlobalSection(SolutionProperties) = preSolution
		HideSolutionNode = FALSE
	EndGlobalSection
	GlobalSection(NestedProjects) = preSolution
		{ECFDA573-88F9-4D8B-BED3-45CAA3B00721} = {DCDDAB7F-23BD-4566-A17C-98F33F3B7AA3}
		{77304D88-E779-4423-9F09-E7C41A0676F7} = {DCDDAB7F-23BD-4566-A17C-98F33F3B7AA3}
		{BADCD033-A52B-4C8C-A2A7-86B2C86564DC} = {DCDDAB7F-23BD-4566-A17C-98F33F3B7AA3}
		{106254F2-67DA-46F4-882D-47353C4A7123} = {A2119EEB-17B4-4BBF-9892-B53D81D28E41}
		{DD13EDE5-17C4-4208-B201-FA14B0615FF4} = {64AFC766-A155-4F78-A903-CDF67F72B942}
		{33C5DF9A-B9BD-49C3-B56F-1BB5FB3D50FE} = {64AFC766-A155-4F78-A903-CDF67F72B942}
		{087FC56E-74DE-45C6-8643-35BAF995794F} = {64AFC766-A155-4F78-A903-CDF67F72B942}
		{CF04D531-841C-4D5B-AF15-848397649E57} = {64AFC766-A155-4F78-A903-CDF67F72B942}
		{B30FACCD-4262-4FE9-BDC9-31DBB70818C3} = {64AFC766-A155-4F78-A903-CDF67F72B942}
		{E848E991-C1C6-4399-900C-A5214D1C90D0} = {1672BE5C-A5FD-4020-BCA5-4C3EB9315D1C}
		{0D364957-FDE2-4E48-8F33-CC9CF179A521} = {1672BE5C-A5FD-4020-BCA5-4C3EB9315D1C}
		{FA3B7231-EC20-416E-BF8A-424579711140} = {1672BE5C-A5FD-4020-BCA5-4C3EB9315D1C}
		{D133EA70-E42C-4795-B37E-06221B77941D} = {FEF6036C-E758-47D4-B2B6-DB0024FE9064}
		{95EAFC7B-3789-4135-83B7-DD1D753C8EB0} = {FEF6036C-E758-47D4-B2B6-DB0024FE9064}
		{E1A13B66-3768-44B3-ADCC-BE6D4308C4E2} = {FEF6036C-E758-47D4-B2B6-DB0024FE9064}
		{AB9F982E-C0D0-404C-AAA4-286DF5C6C0EE} = {7C13F11A-B8F0-4DD0-8D85-90DEC2E1AD9E}
		{8526B22E-F402-4E06-80D6-8F6FB356A066} = {7C13F11A-B8F0-4DD0-8D85-90DEC2E1AD9E}
		{BE5E77DB-416C-45AE-8A34-46DF2D5B49ED} = {7C13F11A-B8F0-4DD0-8D85-90DEC2E1AD9E}
		{6FBA1CC2-FAAF-4D0F-9006-640447B5CDA3} = {B30FACCD-4262-4FE9-BDC9-31DBB70818C3}
		{628D98A6-C4E5-4305-8713-C7668ECF2142} = {C3C28B63-0617-4FD7-A5F8-2E8FEB233CB0}
		{8C067AB3-93A2-44BA-A301-6D442FEBA9AC} = {C3C28B63-0617-4FD7-A5F8-2E8FEB233CB0}
		{36C91219-CA10-44BB-88FE-0318D8A5842D} = {C3C28B63-0617-4FD7-A5F8-2E8FEB233CB0}
		{BA2C7B3A-0BF4-4C2C-97D9-24CF0CCCEC02} = {C3C28B63-0617-4FD7-A5F8-2E8FEB233CB0}
		{DBC640DD-A084-48DD-A509-D7B79AC0D898} = {1AA2DB74-AD36-4DAA-8538-98D852C7C90A}
		{F6D8B234-CB1C-4FDD-A95D-EDB290DD71AA} = {6DA5DD21-E43F-4041-B920-399B65D7E40F}
		{D73865A2-2741-43B3-A158-DE75E85AC340} = {C6C86605-08FD-4FA2-AF37-2D985A8636AB}
	EndGlobalSection
EndGlobal
