
Microsoft Visual Studio Solution File, Format Version 12.00
# Visual Studio 2013
VisualStudioVersion = 12.0.21005.1
MinimumVisualStudioVersion = 10.0.40219.1
Project("{FAE04EC0-301F-11D3-BF4B-00C04F79EFBC}") = "Definition", "Definition\Definition.csproj", "{D133EA70-E42C-4795-B37E-06221B77941D}"
EndProject
Project("{FAE04EC0-301F-11D3-BF4B-00C04F79EFBC}") = "Definition.Data", "Definition.Data\Definition.Data.csproj", "{3DF67C33-273A-4C5B-951D-85D8AE59CC29}"
EndProject
Global
	GlobalSection(SolutionConfigurationPlatforms) = preSolution
		Debug|Any CPU = Debug|Any CPU
		Release|Any CPU = Release|Any CPU
	EndGlobalSection
	GlobalSection(ProjectConfigurationPlatforms) = postSolution
		{D133EA70-E42C-4795-B37E-06221B77941D}.Debug|Any CPU.ActiveCfg = Debug|Any CPU
		{D133EA70-E42C-4795-B37E-06221B77941D}.Debug|Any CPU.Build.0 = Debug|Any CPU
		{D133EA70-E42C-4795-B37E-06221B77941D}.Release|Any CPU.ActiveCfg = Release|Any CPU
		{D133EA70-E42C-4795-B37E-06221B77941D}.Release|Any CPU.Build.0 = Release|Any CPU
		{3DF67C33-273A-4C5B-951D-85D8AE59CC29}.Debug|Any CPU.ActiveCfg = Debug|Any CPU
		{3DF67C33-273A-4C5B-951D-85D8AE59CC29}.Debug|Any CPU.Build.0 = Debug|Any CPU
		{3DF67C33-273A-4C5B-951D-85D8AE59CC29}.Release|Any CPU.ActiveCfg = Release|Any CPU
		{3DF67C33-273A-4C5B-951D-85D8AE59CC29}.Release|Any CPU.Build.0 = Release|Any CPU
	EndGlobalSection
	GlobalSection(SolutionProperties) = preSolution
		HideSolutionNode = FALSE
	EndGlobalSection
EndGlobal
