
Microsoft Visual Studio Solution File, Format Version 12.00
# Visual Studio 2013
VisualStudioVersion = 12.0.21005.1
MinimumVisualStudioVersion = 10.0.40219.1
Project("{FAE04EC0-301F-11D3-BF4B-00C04F79EFBC}") = "SlimRay.Runner", "SlimRay.Runner\SlimRay.Runner.csproj", "{ACBBE6C7-6CA5-4CFE-91AE-08D35BE50368}"
EndProject
Project("{FAE04EC0-301F-11D3-BF4B-00C04F79EFBC}") = "SlimRay.Designer", "SlimRay.Designer\SlimRay.Designer.csproj", "{1C007BA1-191C-4801-BCAF-158AC9B71A5C}"
EndProject
Project("{FAE04EC0-301F-11D3-BF4B-00C04F79EFBC}") = "SlimRay.Addins.Simulator", "SlimRay.Simulator\SlimRay.Addins.Simulator.csproj", "{42BA88B4-F42A-40B4-AC22-6DA52305FC96}"
EndProject
Project("{FAE04EC0-301F-11D3-BF4B-00C04F79EFBC}") = "SlimRay.View.WinForm", "SlimRay.View.WinForm\SlimRay.View.WinForm.csproj", "{5923287A-1F24-46E5-8AFE-D6A33BED2DDA}"
EndProject
Project("{FAE04EC0-301F-11D3-BF4B-00C04F79EFBC}") = "SlimRay", "SlimRay\SlimRay.csproj", "{0BA9CEA4-C4C2-4D88-912D-29968165DF6B}"
EndProject
Project("{FAE04EC0-301F-11D3-BF4B-00C04F79EFBC}") = "SlimRay.Addins.Demo", "SlimRay.Addins.Demo\SlimRay.Addins.Demo.csproj", "{9F49F3B9-9C6D-4303-9DDC-E64B332B1F87}"
EndProject
Project("{FAE04EC0-301F-11D3-BF4B-00C04F79EFBC}") = "DBHelpers.MSSQL", "DBHelpers\DBHelpers.MSSQL.csproj", "{9BE3D8A9-CCF0-4F72-BBA8-54E4EFA9E287}"
EndProject
Global
	GlobalSection(SolutionConfigurationPlatforms) = preSolution
		Debug|Any CPU = Debug|Any CPU
		Debug|x64 = Debug|x64
		Debug|x86 = Debug|x86
		Release|Any CPU = Release|Any CPU
		Release|x64 = Release|x64
		Release|x86 = Release|x86
	EndGlobalSection
	GlobalSection(ProjectConfigurationPlatforms) = postSolution
		{ACBBE6C7-6CA5-4CFE-91AE-08D35BE50368}.Debug|Any CPU.ActiveCfg = Debug|Any CPU
		{ACBBE6C7-6CA5-4CFE-91AE-08D35BE50368}.Debug|Any CPU.Build.0 = Debug|Any CPU
		{ACBBE6C7-6CA5-4CFE-91AE-08D35BE50368}.Debug|x64.ActiveCfg = Debug|x64
		{ACBBE6C7-6CA5-4CFE-91AE-08D35BE50368}.Debug|x64.Build.0 = Debug|x64
		{ACBBE6C7-6CA5-4CFE-91AE-08D35BE50368}.Debug|x86.ActiveCfg = Debug|x86
		{ACBBE6C7-6CA5-4CFE-91AE-08D35BE50368}.Debug|x86.Build.0 = Debug|x86
		{ACBBE6C7-6CA5-4CFE-91AE-08D35BE50368}.Release|Any CPU.ActiveCfg = Release|Any CPU
		{ACBBE6C7-6CA5-4CFE-91AE-08D35BE50368}.Release|Any CPU.Build.0 = Release|Any CPU
		{ACBBE6C7-6CA5-4CFE-91AE-08D35BE50368}.Release|x64.ActiveCfg = Release|x64
		{ACBBE6C7-6CA5-4CFE-91AE-08D35BE50368}.Release|x64.Build.0 = Release|x64
		{ACBBE6C7-6CA5-4CFE-91AE-08D35BE50368}.Release|x86.ActiveCfg = Release|x86
		{ACBBE6C7-6CA5-4CFE-91AE-08D35BE50368}.Release|x86.Build.0 = Release|x86
		{1C007BA1-191C-4801-BCAF-158AC9B71A5C}.Debug|Any CPU.ActiveCfg = Debug|Any CPU
		{1C007BA1-191C-4801-BCAF-158AC9B71A5C}.Debug|Any CPU.Build.0 = Debug|Any CPU
		{1C007BA1-191C-4801-BCAF-158AC9B71A5C}.Debug|x64.ActiveCfg = Debug|x64
		{1C007BA1-191C-4801-BCAF-158AC9B71A5C}.Debug|x64.Build.0 = Debug|x64
		{1C007BA1-191C-4801-BCAF-158AC9B71A5C}.Debug|x86.ActiveCfg = Debug|x86
		{1C007BA1-191C-4801-BCAF-158AC9B71A5C}.Debug|x86.Build.0 = Debug|x86
		{1C007BA1-191C-4801-BCAF-158AC9B71A5C}.Release|Any CPU.ActiveCfg = Release|Any CPU
		{1C007BA1-191C-4801-BCAF-158AC9B71A5C}.Release|Any CPU.Build.0 = Release|Any CPU
		{1C007BA1-191C-4801-BCAF-158AC9B71A5C}.Release|x64.ActiveCfg = Release|x64
		{1C007BA1-191C-4801-BCAF-158AC9B71A5C}.Release|x64.Build.0 = Release|x64
		{1C007BA1-191C-4801-BCAF-158AC9B71A5C}.Release|x86.ActiveCfg = Release|x86
		{1C007BA1-191C-4801-BCAF-158AC9B71A5C}.Release|x86.Build.0 = Release|x86
		{42BA88B4-F42A-40B4-AC22-6DA52305FC96}.Debug|Any CPU.ActiveCfg = Debug|Any CPU
		{42BA88B4-F42A-40B4-AC22-6DA52305FC96}.Debug|Any CPU.Build.0 = Debug|Any CPU
		{42BA88B4-F42A-40B4-AC22-6DA52305FC96}.Debug|x64.ActiveCfg = Debug|x64
		{42BA88B4-F42A-40B4-AC22-6DA52305FC96}.Debug|x64.Build.0 = Debug|x64
		{42BA88B4-F42A-40B4-AC22-6DA52305FC96}.Debug|x86.ActiveCfg = Debug|x86
		{42BA88B4-F42A-40B4-AC22-6DA52305FC96}.Debug|x86.Build.0 = Debug|x86
		{42BA88B4-F42A-40B4-AC22-6DA52305FC96}.Release|Any CPU.ActiveCfg = Release|Any CPU
		{42BA88B4-F42A-40B4-AC22-6DA52305FC96}.Release|Any CPU.Build.0 = Release|Any CPU
		{42BA88B4-F42A-40B4-AC22-6DA52305FC96}.Release|x64.ActiveCfg = Release|Any CPU
		{42BA88B4-F42A-40B4-AC22-6DA52305FC96}.Release|x86.ActiveCfg = Release|Any CPU
		{5923287A-1F24-46E5-8AFE-D6A33BED2DDA}.Debug|Any CPU.ActiveCfg = Debug|Any CPU
		{5923287A-1F24-46E5-8AFE-D6A33BED2DDA}.Debug|Any CPU.Build.0 = Debug|Any CPU
		{5923287A-1F24-46E5-8AFE-D6A33BED2DDA}.Debug|x64.ActiveCfg = Debug|Any CPU
		{5923287A-1F24-46E5-8AFE-D6A33BED2DDA}.Debug|x86.ActiveCfg = Debug|Any CPU
		{5923287A-1F24-46E5-8AFE-D6A33BED2DDA}.Release|Any CPU.ActiveCfg = Release|Any CPU
		{5923287A-1F24-46E5-8AFE-D6A33BED2DDA}.Release|Any CPU.Build.0 = Release|Any CPU
		{5923287A-1F24-46E5-8AFE-D6A33BED2DDA}.Release|x64.ActiveCfg = Release|Any CPU
		{5923287A-1F24-46E5-8AFE-D6A33BED2DDA}.Release|x86.ActiveCfg = Release|Any CPU
		{0BA9CEA4-C4C2-4D88-912D-29968165DF6B}.Debug|Any CPU.ActiveCfg = Debug|Any CPU
		{0BA9CEA4-C4C2-4D88-912D-29968165DF6B}.Debug|Any CPU.Build.0 = Debug|Any CPU
		{0BA9CEA4-C4C2-4D88-912D-29968165DF6B}.Debug|x64.ActiveCfg = Debug|x64
		{0BA9CEA4-C4C2-4D88-912D-29968165DF6B}.Debug|x64.Build.0 = Debug|x64
		{0BA9CEA4-C4C2-4D88-912D-29968165DF6B}.Debug|x86.ActiveCfg = Debug|x86
		{0BA9CEA4-C4C2-4D88-912D-29968165DF6B}.Debug|x86.Build.0 = Debug|x86
		{0BA9CEA4-C4C2-4D88-912D-29968165DF6B}.Release|Any CPU.ActiveCfg = Release|Any CPU
		{0BA9CEA4-C4C2-4D88-912D-29968165DF6B}.Release|Any CPU.Build.0 = Release|Any CPU
		{0BA9CEA4-C4C2-4D88-912D-29968165DF6B}.Release|x64.ActiveCfg = Release|x64
		{0BA9CEA4-C4C2-4D88-912D-29968165DF6B}.Release|x64.Build.0 = Release|x64
		{0BA9CEA4-C4C2-4D88-912D-29968165DF6B}.Release|x86.ActiveCfg = Release|x86
		{0BA9CEA4-C4C2-4D88-912D-29968165DF6B}.Release|x86.Build.0 = Release|x86
		{9F49F3B9-9C6D-4303-9DDC-E64B332B1F87}.Debug|Any CPU.ActiveCfg = Debug|Any CPU
		{9F49F3B9-9C6D-4303-9DDC-E64B332B1F87}.Debug|Any CPU.Build.0 = Debug|Any CPU
		{9F49F3B9-9C6D-4303-9DDC-E64B332B1F87}.Debug|x64.ActiveCfg = Debug|Any CPU
		{9F49F3B9-9C6D-4303-9DDC-E64B332B1F87}.Debug|x86.ActiveCfg = Debug|Any CPU
		{9F49F3B9-9C6D-4303-9DDC-E64B332B1F87}.Release|Any CPU.ActiveCfg = Release|Any CPU
		{9F49F3B9-9C6D-4303-9DDC-E64B332B1F87}.Release|Any CPU.Build.0 = Release|Any CPU
		{9F49F3B9-9C6D-4303-9DDC-E64B332B1F87}.Release|x64.ActiveCfg = Release|Any CPU
		{9F49F3B9-9C6D-4303-9DDC-E64B332B1F87}.Release|x86.ActiveCfg = Release|Any CPU
		{9BE3D8A9-CCF0-4F72-BBA8-54E4EFA9E287}.Debug|Any CPU.ActiveCfg = Debug|Any CPU
		{9BE3D8A9-CCF0-4F72-BBA8-54E4EFA9E287}.Debug|Any CPU.Build.0 = Debug|Any CPU
		{9BE3D8A9-CCF0-4F72-BBA8-54E4EFA9E287}.Debug|x64.ActiveCfg = Debug|Any CPU
		{9BE3D8A9-CCF0-4F72-BBA8-54E4EFA9E287}.Debug|x86.ActiveCfg = Debug|Any CPU
		{9BE3D8A9-CCF0-4F72-BBA8-54E4EFA9E287}.Release|Any CPU.ActiveCfg = Release|Any CPU
		{9BE3D8A9-CCF0-4F72-BBA8-54E4EFA9E287}.Release|Any CPU.Build.0 = Release|Any CPU
		{9BE3D8A9-CCF0-4F72-BBA8-54E4EFA9E287}.Release|x64.ActiveCfg = Release|Any CPU
		{9BE3D8A9-CCF0-4F72-BBA8-54E4EFA9E287}.Release|x86.ActiveCfg = Release|Any CPU
	EndGlobalSection
	GlobalSection(SolutionProperties) = preSolution
		HideSolutionNode = FALSE
	EndGlobalSection
EndGlobal
